
Microsoft Visual Studio Solution File, Format Version 12.00
# Visual Studio Version 17
VisualStudioVersion = 17.11.35312.102
MinimumVisualStudioVersion = 10.0.40219.1
Project("{FAE04EC0-301F-11D3-BF4B-00C04F79EFBC}") = "Blog informetion API", "Blog informetion API\Blog informetion API.csproj", "{787E13A3-3B86-4C0B-9CB8-8D5799FC868E}"
EndProject
Global
	GlobalSection(SolutionConfigurationPlatforms) = preSolution
		Debug|Any CPU = Debug|Any CPU
		Release|Any CPU = Release|Any CPU
	EndGlobalSection
	GlobalSection(ProjectConfigurationPlatforms) = postSolution
		{787E13A3-3B86-4C0B-9CB8-8D5799FC868E}.Debug|Any CPU.ActiveCfg = Debug|Any CPU
		{787E13A3-3B86-4C0B-9CB8-8D5799FC868E}.Debug|Any CPU.Build.0 = Debug|Any CPU
		{787E13A3-3B86-4C0B-9CB8-8D5799FC868E}.Release|Any CPU.ActiveCfg = Release|Any CPU
		{787E13A3-3B86-4C0B-9CB8-8D5799FC868E}.Release|Any CPU.Build.0 = Release|Any CPU
	EndGlobalSection
	GlobalSection(SolutionProperties) = preSolution
		HideSolutionNode = FALSE
	EndGlobalSection
	GlobalSection(ExtensibilityGlobals) = postSolution
		SolutionGuid = {8AF6C3C7-348D-462A-A9A3-2D098B0A92D5}
	EndGlobalSection
EndGlobal
